// !$*UTF8*$!
{
	archiveVersion = 1;
	classes = {
	};
	objectVersion = 46;
	objects = {

/* Begin PBXBuildFile section */
		A73185DD1CA490D1002764EA /* AppDelegate.swift in Sources */ = {isa = PBXBuildFile; fileRef = A73185DC1CA490D1002764EA /* AppDelegate.swift */; };
		A73185DF1CA490D1002764EA /* ViewController.swift in Sources */ = {isa = PBXBuildFile; fileRef = A73185DE1CA490D1002764EA /* ViewController.swift */; };
		A73185E21CA490D1002764EA /* Main.storyboard in Resources */ = {isa = PBXBuildFile; fileRef = A73185E01CA490D1002764EA /* Main.storyboard */; };
		A73185E41CA490D1002764EA /* Assets.xcassets in Resources */ = {isa = PBXBuildFile; fileRef = A73185E31CA490D1002764EA /* Assets.xcassets */; };
		A73185E71CA490D1002764EA /* LaunchScreen.storyboard in Resources */ = {isa = PBXBuildFile; fileRef = A73185E51CA490D1002764EA /* LaunchScreen.storyboard */; };
		A73185EF1CA49114002764EA /* Datos.swift in Sources */ = {isa = PBXBuildFile; fileRef = A73185EE1CA49114002764EA /* Datos.swift */; };
/* End PBXBuildFile section */

/* Begin PBXFileReference section */
		A73185D91CA490D1002764EA /* Hamburguesas en el Mundo.app */ = {isa = PBXFileReference; explicitFileType = wrapper.application; includeInIndex = 0; path = "Hamburguesas en el Mundo.app"; sourceTree = BUILT_PRODUCTS_DIR; };
		A73185DC1CA490D1002764EA /* AppDelegate.swift */ = {isa = PBXFileReference; lastKnownFileType = sourcecode.swift; path = AppDelegate.swift; sourceTree = "<group>"; };
		A73185DE1CA490D1002764EA /* ViewController.swift */ = {isa = PBXFileReference; lastKnownFileType = sourcecode.swift; path = ViewController.swift; sourceTree = "<group>"; };
		A73185E11CA490D1002764EA /* Base */ = {isa = PBXFileReference; lastKnownFileType = file.storyboard; name = Base; path = Base.lproj/Main.storyboard; sourceTree = "<group>"; };
		A73185E31CA490D1002764EA /* Assets.xcassets */ = {isa = PBXFileReference; lastKnownFileType = folder.assetcatalog; path = Assets.xcassets; sourceTree = "<group>"; };
		A73185E61CA490D1002764EA /* Base */ = {isa = PBXFileReference; lastKnownFileType = file.storyboard; name = Base; path = Base.lproj/LaunchScreen.storyboard; sourceTree = "<group>"; };
		A73185E81CA490D1002764EA /* Info.plist */ = {isa = PBXFileReference; lastKnownFileType = text.plist.xml; path = Info.plist; sourceTree = "<group>"; };
		A73185EE1CA49114002764EA /* Datos.swift */ = {isa = PBXFileReference; fileEncoding = 4; lastKnownFileType = sourcecode.swift; path = Datos.swift; sourceTree = "<group>"; };
/* End PBXFileReference section */

/* Begin PBXFrameworksBuildPhase section */
		A73185D61CA490D1002764EA /* Frameworks */ = {
			isa = PBXFrameworksBuildPhase;
			buildActionMask = 2147483647;
			files = (
			);
			runOnlyForDeploymentPostprocessing = 0;
		};
/* End PBXFrameworksBuildPhase section */

/* Begin PBXGroup section */
		A73185D01CA490D1002764EA = {
			isa = PBXGroup;
			children = (
				A73185DB1CA490D1002764EA /* Hamburguesas en el Mundo */,
				A73185DA1CA490D1002764EA /* Products */,
			);
			sourceTree = "<group>";
		};
		A73185DA1CA490D1002764EA /* Products */ = {
			isa = PBXGroup;
			children = (
				A73185D91CA490D1002764EA /* Hamburguesas en el Mundo.app */,
			);
			name = Products;
			sourceTree = "<group>";
		};
		A73185DB1CA490D1002764EA /* Hamburguesas en el Mundo */ = {
			isa = PBXGroup;
			children = (
				A73185DC1CA490D1002764EA /* AppDelegate.swift */,
				A73185DE1CA490D1002764EA /* ViewController.swift */,
				A73185E01CA490D1002764EA /* Main.storyboard */,
				A73185E31CA490D1002764EA /* Assets.xcassets */,
				A73185E51CA490D1002764EA /* LaunchScreen.storyboard */,
				A73185E81CA490D1002764EA /* Info.plist */,
				A73185EE1CA49114002764EA /* Datos.swift */,
			);
			path = "Hamburguesas en el Mundo";
			sourceTree = "<group>";
		};
/* End PBXGroup section */

/* Begin PBXNativeTarget section */
		A73185D81CA490D1002764EA /* Hamburguesas en el Mundo */ = {
			isa = PBXNativeTarget;
			buildConfigurationList = A73185EB1CA490D1002764EA /* Build configuration list for PBXNativeTarget "Hamburguesas en el Mundo" */;
			buildPhases = (
				A73185D51CA490D1002764EA /* Sources */,
				A73185D61CA490D1002764EA /* Frameworks */,
				A73185D71CA490D1002764EA /* Resources */,
			);
			buildRules = (
			);
			dependencies = (
			);
			name = "Hamburguesas en el Mundo";
			productName = "Hamburguesas en el Mundo";
			productReference = A73185D91CA490D1002764EA /* Hamburguesas en el Mundo.app */;
			productType = "com.apple.product-type.application";
		};
/* End PBXNativeTarget section */

/* Begin PBXProject section */
		A73185D11CA490D1002764EA /* Project object */ = {
			isa = PBXProject;
			attributes = {
				LastSwiftUpdateCheck = 0730;
				LastUpgradeCheck = 0730;
				ORGANIZATIONNAME = "Leonardo Salazar Flores";
				TargetAttributes = {
					A73185D81CA490D1002764EA = {
						CreatedOnToolsVersion = 7.3;
						DevelopmentTeam = 8246YM7KLY;
					};
				};
			};
			buildConfigurationList = A73185D41CA490D1002764EA /* Build configuration list for PBXProject "Hamburguesas en el Mundo" */;
			compatibilityVersion = "Xcode 3.2";
			developmentRegion = English;
			hasScannedForEncodings = 0;
			knownRegions = (
				en,
				Base,
			);
			mainGroup = A73185D01CA490D1002764EA;
			productRefGroup = A73185DA1CA490D1002764EA /* Products */;
			projectDirPath = "";
			projectRoot = "";
			targets = (
				A73185D81CA490D1002764EA /* Hamburguesas en el Mundo */,
			);
		};
/* End PBXProject section */

/* Begin PBXResourcesBuildPhase section */
		A73185D71CA490D1002764EA /* Resources */ = {
			isa = PBXResourcesBuildPhase;
			buildActionMask = 2147483647;
			files = (
				A73185E71CA490D1002764EA /* LaunchScreen.storyboard in Resources */,
				A73185E41CA490D1002764EA /* Assets.xcassets in Resources */,
				A73185E21CA490D1002764EA /* Main.storyboard in Resources */,
			);
			runOnlyForDeploymentPostprocessing = 0;
		};
/* End PBXResourcesBuildPhase section */

/* Begin PBXSourcesBuildPhase section */
		A73185D51CA490D1002764EA /* Sources */ = {
			isa = PBXSourcesBuildPhase;
			buildActionMask = 2147483647;
			files = (
				A73185DF1CA490D1002764EA /* ViewController.swift in Sources */,
				A73185DD1CA490D1002764EA /* AppDelegate.swift in Sources */,
				A73185EF1CA49114002764EA /* Datos.swift in Sources */,
			);
			runOnlyForDeploymentPostprocessing = 0;
		};
/* End PBXSourcesBuildPhase section */

/* Begin PBXVariantGroup section */
		A73185E01CA490D1002764EA /* Main.storyboard */ = {
			isa = PBXVariantGroup;
			children = (
				A73185E11CA490D1002764EA /* Base */,
			);
			name = Main.storyboard;
			sourceTree = "<group>";
		};
		A73185E51CA490D1002764EA /* LaunchScreen.storyboard */ = {
			isa = PBXVariantGroup;
			children = (
				A73185E61CA490D1002764EA /* Base */,
			);
			name = LaunchScreen.storyboard;
			sourceTree = "<group>";
		};
/* End PBXVariantGroup section */

/* Begin XCBuildConfiguration section */
		A73185E91CA490D1002764EA /* Debug */ = {
			isa = XCBuildConfiguration;
			buildSettings = {
				ALWAYS_SEARCH_USER_PATHS = NO;
				CLANG_ANALYZER_NONNULL = YES;
				CLANG_CXX_LANGUAGE_STANDARD = "gnu++0x";
				CLANG_CXX_LIBRARY = "libc++";
				CLANG_ENABLE_MODULES = YES;
				CLANG_ENABLE_OBJC_ARC = YES;
				CLANG_WARN_BOOL_CONVERSION = YES;
				CLANG_WARN_CONSTANT_CONVERSION = YES;
				CLANG_WARN_DIRECT_OBJC_ISA_USAGE = YES_ERROR;
				CLANG_WARN_EMPTY_BODY = YES;
				CLANG_WARN_ENUM_CONVERSION = YES;
				CLANG_WARN_INT_CONVERSION = YES;
				CLANG_WARN_OBJC_ROOT_CLASS = YES_ERROR;
				CLANG_WARN_UNREACHABLE_CODE = YES;
				CLANG_WARN__DUPLICATE_METHOD_MATCH = YES;
				"CODE_SIGN_IDENTITY[sdk=iphoneos*]" = "iPhone Developer";
				COPY_PHASE_STRIP = NO;
				DEBUG_INFORMATION_FORMAT = dwarf;
				ENABLE_STRICT_OBJC_MSGSEND = YES;
				ENABLE_TESTABILITY = YES;
				GCC_C_LANGUAGE_STANDARD = gnu99;
				GCC_DYNAMIC_NO_PIC = NO;
				GCC_NO_COMMON_BLOCKS = YES;
				GCC_OPTIMIZATION_LEVEL = 0;
				GCC_PREPROCESSOR_DEFINITIONS = (
					"DEBUG=1",
					"$(inherited)",
				);
				GCC_WARN_64_TO_32_BIT_CONVERSION = YES;
				GCC_WARN_ABOUT_RETURN_TYPE = YES_ERROR;
				GCC_WARN_UNDECLARED_SELECTOR = YES;
				GCC_WARN_UNINITIALIZED_AUTOS = YES_AGGRESSIVE;
				GCC_WARN_UNUSED_FUNCTION = YES;
				GCC_WARN_UNUSED_VARIABLE = YES;
				IPHONEOS_DEPLOYMENT_TARGET = 9.3;
				MTL_ENABLE_DEBUG_INFO = YES;
				ONLY_ACTIVE_ARCH = YES;
				SDKROOT = iphoneos;
				SWIFT_OPTIMIZATION_LEVEL = "-Onone";
			};
			name = Debug;
		};
		A73185EA1CA490D1002764EA /* Release */ = {
			isa = XCBuildConfiguration;
			buildSettings = {
				ALWAYS_SEARCH_USER_PATHS = NO;
				CLANG_ANALYZER_NONNULL = YES;
				CLANG_CXX_LANGUAGE_STANDARD = "gnu++0x";
				CLANG_CXX_LIBRARY = "libc++";
				CLANG_ENABLE_MODULES = YES;
				CLANG_ENABLE_OBJC_ARC = YES;
				CLANG_WARN_BOOL_CONVERSION = YES;
				CLANG_WARN_CONSTANT_CONVERSION = YES;
				CLANG_WARN_DIRECT_OBJC_ISA_USAGE = YES_ERROR;
				CLANG_WARN_EMPTY_BODY = YES;
				CLANG_WARN_ENUM_CONVERSION = YES;
				CLANG_WARN_INT_CONVERSION = YES;
				CLANG_WARN_OBJC_ROOT_CLASS = YES_ERROR;
				CLANG_WARN_UNREACHABLE_CODE = YES;
				CLANG_WARN__DUPLICATE_METHOD_MATCH = YES;
				"CODE_SIGN_IDENTITY[sdk=iphoneos*]" = "iPhone Developer";
				COPY_PHASE_STRIP = NO;
				DEBUG_INFORMATION_FORMAT = "dwarf-with-dsym";
				ENABLE_NS_ASSERTIONS = NO;
				ENABLE_STRICT_OBJC_MSGSEND = YES;
				GCC_C_LANGUAGE_STANDARD = gnu99;
				GCC_NO_COMMON_BLOCKS = YES;
				GCC_WARN_64_TO_32_BIT_CONVERSION = YES;
				GCC_WARN_ABOUT_RETURN_TYPE = YES_ERROR;
				GCC_WARN_UNDECLARED_SELECTOR = YES;
				GCC_WARN_UNINITIALIZED_AUTOS = YES_AGGRESSIVE;
				GCC_WARN_UNUSED_FUNCTION = YES;
				GCC_WARN_UNUSED_VARIABLE = YES;
				IPHONEOS_DEPLOYMENT_TARGET = 9.3;
				MTL_ENABLE_DEBUG_INFO = NO;
				SDKROOT = iphoneos;
				VALIDATE_PRODUCT = YES;
			};
			name = Release;
		};
		A73185EC1CA490D1002764EA /* Debug */ = {
			isa = XCBuildConfiguration;
			buildSettings = {
				ASSETCATALOG_COMPILER_APPICON_NAME = AppIcon;
				INFOPLIST_FILE = "Hamburguesas en el Mundo/Info.plist";
				LD_RUNPATH_SEARCH_PATHS = "$(inherited) @executable_path/Frameworks";
				PRODUCT_BUNDLE_IDENTIFIER = "mx.LeoSalazar.Hamburguesas-en-el-Mundo";
				PRODUCT_NAME = "$(TARGET_NAME)";
			};
			name = Debug;
		};
		A73185ED1CA490D1002764EA /* Release */ = {
			isa = XCBuildConfiguration;
			buildSettings = {
				ASSETCATALOG_COMPILER_APPICON_NAME = AppIcon;
				INFOPLIST_FILE = "Hamburguesas en el Mundo/Info.plist";
				LD_RUNPATH_SEARCH_PATHS = "$(inherited) @executable_path/Frameworks";
				PRODUCT_BUNDLE_IDENTIFIER = "mx.LeoSalazar.Hamburguesas-en-el-Mundo";
				PRODUCT_NAME = "$(TARGET_NAME)";
			};
			name = Release;
		};
/* End XCBuildConfiguration section */

/* Begin XCConfigurationList section */
		A73185D41CA490D1002764EA /* Build configuration list for PBXProject "Hamburguesas en el Mundo" */ = {
			isa = XCConfigurationList;
			buildConfigurations = (
				A73185E91CA490D1002764EA /* Debug */,
				A73185EA1CA490D1002764EA /* Release */,
			);
			defaultConfigurationIsVisible = 0;
			defaultConfigurationName = Release;
		};
		A73185EB1CA490D1002764EA /* Build configuration list for PBXNativeTarget "Hamburguesas en el Mundo" */ = {
			isa = XCConfigurationList;
			buildConfigurations = (
				A73185EC1CA490D1002764EA /* Debug */,
				A73185ED1CA490D1002764EA /* Release */,
			);
			defaultConfigurationIsVisible = 0;
		};
/* End XCConfigurationList section */
	};
	rootObject = A73185D11CA490D1002764EA /* Project object */;
}
